{
  "nodes": {
    "flake-utils": {
      "locked": {
        "lastModified": 1659877975,
        "narHash": "sha256-zllb8aq3YO3h8B/U0/J1WBgAL8EX5yWf5pMj3G0NAmc=",
        "owner": "numtide",
        "repo": "flake-utils",
        "rev": "c0e246b9b83f637f4681389ecabcb2681b4f3af0",
        "type": "github"
      },
      "original": {
        "owner": "numtide",
        "repo": "flake-utils",
        "type": "github"
      }
    },
    "naersk": {
      "inputs": {
        "nixpkgs": "nixpkgs"
      },
      "locked": {
        "lastModified": 1659610603,
        "narHash": "sha256-LYgASYSPYo7O71WfeUOaEUzYfzuXm8c8eavJcel+pfI=",
        "owner": "nix-community",
        "repo": "naersk",
        "rev": "c6a45e4277fa58abd524681466d3450f896dc094",
        "type": "github"
      },
      "original": {
        "owner": "nix-community",
        "repo": "naersk",
        "type": "github"
      }
    },
    "nixpkgs": {
      "locked": {
        "lastModified": 0,
        "narHash": "sha256-nkMQ1TKIIAYIVbbUzjxfjPn3H1zZFW20TrHUFAjwvNU=",
        "path": "/nix/store/c3qqpbi359a0dvx80bkhzyqgd839y5if-source",
        "type": "path"
      },
      "original": {
        "id": "nixpkgs",
        "type": "indirect"
      }
    },
    "root": {
      "inputs": {
        "flake-utils": "flake-utils",
        "naersk": "naersk",
        "nixpkgs": [
          "naersk",
          "nixpkgs"
        ]
      }
    }
  },
  "root": "root",
  "version": 7
}
